# @generated by Move, please check-in and do not edit manually.

[move]
version = 3
manifest_digest = "FF3A8080501187A0A03F58A0146786306F30591662A3C8BEB39436DDFCC55F50"
deps_digest = "F8BBB0CCB2491CA29A3DF03D6F92277A4F3574266507ACD77214D37ECA3F3082"
dependencies = [
  { id = "Sui", name = "Sui" },
]

[[move.package]]
id = "MoveStdlib"
source = { git = "https://github.com/MystenLabs/sui.git", rev = "framework/testnet", subdir = "crates\\sui-framework\\packages\\move-stdlib" }

[[move.package]]
id = "Sui"
source = { git = "https://github.com/MystenLabs/sui.git", rev = "framework/testnet", subdir = "crates/sui-framework/packages/sui-framework" }

dependencies = [
  { id = "MoveStdlib", name = "MoveStdlib" },
]

[move.toolchain-version]
compiler-version = "1.59.1"
edition = "2024.beta"
flavor = "sui"

[env]

[env.devnet]
chain-id = "dac402e1"
original-published-id = "0x329eb20027846c02a1f444db1796ad3a87a0d5a145f3373773b58ecf3c6e25e3"
latest-published-id = "0x329eb20027846c02a1f444db1796ad3a87a0d5a145f3373773b58ecf3c6e25e3"
published-version = "1"
