# @generated by Move, please check-in and do not edit manually.

[move]
version = 3
manifest_digest = "B07A350360B0FCAA46226D2920228F961FE151F5E50AA271D9E255DD20A286E9"
deps_digest = "F9B494B64F0615AED0E98FC12A85B85ECD2BC5185C22D30E7F67786BB52E507C"
dependencies = [
  { id = "Bridge", name = "Bridge" },
  { id = "MoveStdlib", name = "MoveStdlib" },
  { id = "Sui", name = "Sui" },
  { id = "SuiSystem", name = "SuiSystem" },
]

[[move.package]]
id = "Bridge"
source = { git = "https://github.com/MystenLabs/sui.git", rev = "494fa6ede17f366f1cd850f01ccb9f42dc75c470", subdir = "crates/sui-framework/packages/bridge" }

dependencies = [
  { id = "MoveStdlib", name = "MoveStdlib" },
  { id = "Sui", name = "Sui" },
  { id = "SuiSystem", name = "SuiSystem" },
]

[[move.package]]
id = "MoveStdlib"
source = { git = "https://github.com/MystenLabs/sui.git", rev = "494fa6ede17f366f1cd850f01ccb9f42dc75c470", subdir = "crates/sui-framework/packages/move-stdlib" }

[[move.package]]
id = "Sui"
source = { git = "https://github.com/MystenLabs/sui.git", rev = "494fa6ede17f366f1cd850f01ccb9f42dc75c470", subdir = "crates/sui-framework/packages/sui-framework" }

dependencies = [
  { id = "MoveStdlib", name = "MoveStdlib" },
]

[[move.package]]
id = "SuiSystem"
source = { git = "https://github.com/MystenLabs/sui.git", rev = "494fa6ede17f366f1cd850f01ccb9f42dc75c470", subdir = "crates/sui-framework/packages/sui-system" }

dependencies = [
  { id = "MoveStdlib", name = "MoveStdlib" },
  { id = "Sui", name = "Sui" },
]

[move.toolchain-version]
compiler-version = "1.59.1"
edition = "2024.beta"
flavor = "sui"

[env]

[env.devnet]
chain-id = "dac402e1"
original-published-id = "0x16b20b8d6b9b741ea953af045d141e17d533d376b68b3ea3d3d70dca3556476b"
latest-published-id = "0x16b20b8d6b9b741ea953af045d141e17d533d376b68b3ea3d3d70dca3556476b"
published-version = "1"

[env.testnet]
chain-id = "4c78adac"
original-published-id = "0xbef4a621132ffce4b4dc167669f3fb04917428a9e9ecce597fb5658b54534075"
latest-published-id = "0xbef4a621132ffce4b4dc167669f3fb04917428a9e9ecce597fb5658b54534075"
published-version = "1"
